
Microsoft Visual Studio Solution File, Format Version 12.00
# Visual Studio 2012
Project("{FAE04EC0-301F-11D3-BF4B-00C04F79EFBC}") = "TestConsoleApplication", "TestConsoleApplication\TestConsoleApplication.csproj", "{A5F2B6E2-8010-4216-8170-DB3B6C78C3A7}"
EndProject
Global
	GlobalSection(SolutionConfigurationPlatforms) = preSolution
		Debug|Any CPU = Debug|Any CPU
		Release|Any CPU = Release|Any CPU
	EndGlobalSection
	GlobalSection(ProjectConfigurationPlatforms) = postSolution
		{A5F2B6E2-8010-4216-8170-DB3B6C78C3A7}.Debug|Any CPU.ActiveCfg = Debug|Any CPU
		{A5F2B6E2-8010-4216-8170-DB3B6C78C3A7}.Debug|Any CPU.Build.0 = Debug|Any CPU
		{A5F2B6E2-8010-4216-8170-DB3B6C78C3A7}.Release|Any CPU.ActiveCfg = Release|Any CPU
		{A5F2B6E2-8010-4216-8170-DB3B6C78C3A7}.Release|Any CPU.Build.0 = Release|Any CPU
	EndGlobalSection
	GlobalSection(SolutionProperties) = preSolution
		HideSolutionNode = FALSE
	EndGlobalSection
EndGlobal
