
Microsoft Visual Studio Solution File, Format Version 12.00
# Visual Studio 2012
Project("{FAE04EC0-301F-11D3-BF4B-00C04F79EFBC}") = "ToDoList", "ToDoList\ToDoList.csproj", "{15B3E0D2-6217-493A-A690-158C497F5318}"
EndProject
Project("{FAE04EC0-301F-11D3-BF4B-00C04F79EFBC}") = "TestHost", "TestHost\TestHost.csproj", "{9463BFB6-3E04-4ACE-9337-853252A666DB}"
EndProject
Project("{FAE04EC0-301F-11D3-BF4B-00C04F79EFBC}") = "DemoTodoListClient", "DemoTodoListClient\DemoTodoListClient.csproj", "{B4B6DD6F-62DA-4BB2-AC8A-7B24CC9C76B7}"
EndProject
Global
	GlobalSection(SolutionConfigurationPlatforms) = preSolution
		Debug|Any CPU = Debug|Any CPU
		Release|Any CPU = Release|Any CPU
	EndGlobalSection
	GlobalSection(ProjectConfigurationPlatforms) = postSolution
		{15B3E0D2-6217-493A-A690-158C497F5318}.Debug|Any CPU.ActiveCfg = Debug|Any CPU
		{15B3E0D2-6217-493A-A690-158C497F5318}.Debug|Any CPU.Build.0 = Debug|Any CPU
		{15B3E0D2-6217-493A-A690-158C497F5318}.Release|Any CPU.ActiveCfg = Release|Any CPU
		{15B3E0D2-6217-493A-A690-158C497F5318}.Release|Any CPU.Build.0 = Release|Any CPU
		{9463BFB6-3E04-4ACE-9337-853252A666DB}.Debug|Any CPU.ActiveCfg = Debug|Any CPU
		{9463BFB6-3E04-4ACE-9337-853252A666DB}.Debug|Any CPU.Build.0 = Debug|Any CPU
		{9463BFB6-3E04-4ACE-9337-853252A666DB}.Release|Any CPU.ActiveCfg = Release|Any CPU
		{9463BFB6-3E04-4ACE-9337-853252A666DB}.Release|Any CPU.Build.0 = Release|Any CPU
		{B4B6DD6F-62DA-4BB2-AC8A-7B24CC9C76B7}.Debug|Any CPU.ActiveCfg = Debug|Any CPU
		{B4B6DD6F-62DA-4BB2-AC8A-7B24CC9C76B7}.Debug|Any CPU.Build.0 = Debug|Any CPU
		{B4B6DD6F-62DA-4BB2-AC8A-7B24CC9C76B7}.Release|Any CPU.ActiveCfg = Release|Any CPU
		{B4B6DD6F-62DA-4BB2-AC8A-7B24CC9C76B7}.Release|Any CPU.Build.0 = Release|Any CPU
	EndGlobalSection
	GlobalSection(SolutionProperties) = preSolution
		HideSolutionNode = FALSE
	EndGlobalSection
EndGlobal
